
Microsoft Visual Studio Solution File, Format Version 12.00
# Visual Studio Version 17
VisualStudioVersion = 17.3.32825.248
MinimumVisualStudioVersion = 10.0.40219.1
Project("{FAE04EC0-301F-11D3-BF4B-00C04F79EFBC}") = "xavHub", "xavHub\xavHub.csproj", "{1CA76ACA-1714-46AA-90AF-C702AE781032}"
EndProject
Global
	GlobalSection(SolutionConfigurationPlatforms) = preSolution
		Debug|Any CPU = Debug|Any CPU
		Release|Any CPU = Release|Any CPU
	EndGlobalSection
	GlobalSection(ProjectConfigurationPlatforms) = postSolution
		{1CA76ACA-1714-46AA-90AF-C702AE781032}.Debug|Any CPU.ActiveCfg = Debug|Any CPU
		{1CA76ACA-1714-46AA-90AF-C702AE781032}.Debug|Any CPU.Build.0 = Debug|Any CPU
		{1CA76ACA-1714-46AA-90AF-C702AE781032}.Release|Any CPU.ActiveCfg = Release|Any CPU
		{1CA76ACA-1714-46AA-90AF-C702AE781032}.Release|Any CPU.Build.0 = Release|Any CPU
	EndGlobalSection
	GlobalSection(SolutionProperties) = preSolution
		HideSolutionNode = FALSE
	EndGlobalSection
	GlobalSection(ExtensibilityGlobals) = postSolution
		SolutionGuid = {A212E5D9-5C7A-4FED-9F0C-B52AFF70329F}
	EndGlobalSection
EndGlobal
